
Microsoft Visual Studio Solution File, Format Version 12.00
# Visual Studio Version 17
VisualStudioVersion = 17.14.36414.22 d17.14
MinimumVisualStudioVersion = 10.0.40219.1
Project("{8BC9CEB8-8B4A-11D0-8D11-00A0C91BC942}") = "athosvaisefoder", "athosvaisefoder\athosvaisefoder.vcxproj", "{E0A6D205-2DE0-486F-8996-79AB3D5EEAB4}"
EndProject
Global
	GlobalSection(SolutionConfigurationPlatforms) = preSolution
		Debug|x64 = Debug|x64
		Debug|x86 = Debug|x86
		Release|x64 = Release|x64
		Release|x86 = Release|x86
	EndGlobalSection
	GlobalSection(ProjectConfigurationPlatforms) = postSolution
		{E0A6D205-2DE0-486F-8996-79AB3D5EEAB4}.Debug|x64.ActiveCfg = Debug|x64
		{E0A6D205-2DE0-486F-8996-79AB3D5EEAB4}.Debug|x64.Build.0 = Debug|x64
		{E0A6D205-2DE0-486F-8996-79AB3D5EEAB4}.Debug|x86.ActiveCfg = Debug|Win32
		{E0A6D205-2DE0-486F-8996-79AB3D5EEAB4}.Debug|x86.Build.0 = Debug|Win32
		{E0A6D205-2DE0-486F-8996-79AB3D5EEAB4}.Release|x64.ActiveCfg = Release|x64
		{E0A6D205-2DE0-486F-8996-79AB3D5EEAB4}.Release|x64.Build.0 = Release|x64
		{E0A6D205-2DE0-486F-8996-79AB3D5EEAB4}.Release|x86.ActiveCfg = Release|Win32
		{E0A6D205-2DE0-486F-8996-79AB3D5EEAB4}.Release|x86.Build.0 = Release|Win32
	EndGlobalSection
	GlobalSection(SolutionProperties) = preSolution
		HideSolutionNode = FALSE
	EndGlobalSection
	GlobalSection(ExtensibilityGlobals) = postSolution
		SolutionGuid = {D14BB400-E533-4F36-875F-0BC7D0958977}
	EndGlobalSection
EndGlobal
